Microsoft Visual Studio Solution File, Format Version 11.00
# Visual Studio 2008

Project("{10458CDC-C132-7801-F371-190E59A8A291}") = "BulletHoarders", "Assembly-CSharp.csproj", "{BDD94D6B-164F-29AF-CF4F-6A75397230CA}"
EndProject
Global
	GlobalSection(SolutionConfigurationPlatforms) = preSolution
		Debug|Any CPU = Debug|Any CPU
		Release|Any CPU = Release|Any CPU
	EndGlobalSection
	GlobalSection(ProjectConfigurationPlatforms) = postSolution
		{BDD94D6B-164F-29AF-CF4F-6A75397230CA}.Debug|Any CPU.ActiveCfg = Debug|Any CPU
		{BDD94D6B-164F-29AF-CF4F-6A75397230CA}.Debug|Any CPU.Build.0 = Debug|Any CPU
		{BDD94D6B-164F-29AF-CF4F-6A75397230CA}.Release|Any CPU.ActiveCfg = Release|Any CPU
		{BDD94D6B-164F-29AF-CF4F-6A75397230CA}.Release|Any CPU.Build.0 = Release|Any CPU
	EndGlobalSection
	GlobalSection(SolutionProperties) = preSolution
		HideSolutionNode = FALSE
	EndGlobalSection
	GlobalSection(MonoDevelopProperties) = preSolution
		StartupItem = Assembly-CSharp.csproj
	EndGlobalSection
EndGlobal
